
Microsoft Visual Studio Solution File, Format Version 12.00
# Visual Studio Version 16
VisualStudioVersion = 16.0.31624.102
MinimumVisualStudioVersion = 10.0.40219.1
Project("{8BC9CEB8-8B4A-11D0-8D11-00A0C91BC942}") = "Lab_3.4", "Lab_3.4\Lab_3.4.vcxproj", "{052E88D0-4E5A-41CD-A37E-03F915DE07C7}"
EndProject
Global
	GlobalSection(SolutionConfigurationPlatforms) = preSolution
		Debug|x64 = Debug|x64
		Debug|x86 = Debug|x86
		Release|x64 = Release|x64
		Release|x86 = Release|x86
	EndGlobalSection
	GlobalSection(ProjectConfigurationPlatforms) = postSolution
		{052E88D0-4E5A-41CD-A37E-03F915DE07C7}.Debug|x64.ActiveCfg = Debug|x64
		{052E88D0-4E5A-41CD-A37E-03F915DE07C7}.Debug|x64.Build.0 = Debug|x64
		{052E88D0-4E5A-41CD-A37E-03F915DE07C7}.Debug|x86.ActiveCfg = Debug|Win32
		{052E88D0-4E5A-41CD-A37E-03F915DE07C7}.Debug|x86.Build.0 = Debug|Win32
		{052E88D0-4E5A-41CD-A37E-03F915DE07C7}.Release|x64.ActiveCfg = Release|x64
		{052E88D0-4E5A-41CD-A37E-03F915DE07C7}.Release|x64.Build.0 = Release|x64
		{052E88D0-4E5A-41CD-A37E-03F915DE07C7}.Release|x86.ActiveCfg = Release|Win32
		{052E88D0-4E5A-41CD-A37E-03F915DE07C7}.Release|x86.Build.0 = Release|Win32
	EndGlobalSection
	GlobalSection(SolutionProperties) = preSolution
		HideSolutionNode = FALSE
	EndGlobalSection
	GlobalSection(ExtensibilityGlobals) = postSolution
		SolutionGuid = {0BA14E15-9858-4B95-8007-DFC366A47B64}
	EndGlobalSection
EndGlobal
